// !$*UTF8*$!
{
	archiveVersion = 1;
	classes = {
	};
	objectVersion = 56;
	objects = {

/* Begin PBXBuildFile section */
		66B1CD172CEB7503007C738D /* AppDelegate.swift in Sources */ = {isa = PBXBuildFile; fileRef = 66B1CD162CEB7503007C738D /* AppDelegate.swift */; };
		66B1CD192CEB7503007C738D /* SceneDelegate.swift in Sources */ = {isa = PBXBuildFile; fileRef = 66B1CD182CEB7503007C738D /* SceneDelegate.swift */; };
		66B1CD202CEB7504007C738D /* Assets.xcassets in Resources */ = {isa = PBXBuildFile; fileRef = 66B1CD1F2CEB7504007C738D /* Assets.xcassets */; };
		66B1CD232CEB7504007C738D /* Base in Resources */ = {isa = PBXBuildFile; fileRef = 66B1CD222CEB7504007C738D /* Base */; };
		66B1CD2C2CEB771A007C738D /* WebManager.swift in Sources */ = {isa = PBXBuildFile; fileRef = 66B1CD2B2CEB771A007C738D /* WebManager.swift */; };
		66B1CD2E2CEB7723007C738D /* AuthManager.swift in Sources */ = {isa = PBXBuildFile; fileRef = 66B1CD2D2CEB7723007C738D /* AuthManager.swift */; };
		66B1CD302CEB7730007C738D /* AuthRepository.swift in Sources */ = {isa = PBXBuildFile; fileRef = 66B1CD2F2CEB7730007C738D /* AuthRepository.swift */; };
		66B1CD322CEB7736007C738D /* Service.swift in Sources */ = {isa = PBXBuildFile; fileRef = 66B1CD312CEB7736007C738D /* Service.swift */; };
		66B1CD342CEB774F007C738D /* Model.swift in Sources */ = {isa = PBXBuildFile; fileRef = 66B1CD332CEB774F007C738D /* Model.swift */; };
		66B1CD362CEB7759007C738D /* Method.swift in Sources */ = {isa = PBXBuildFile; fileRef = 66B1CD352CEB7759007C738D /* Method.swift */; };
		66B1CD382CEB776A007C738D /* RequestFactory.swift in Sources */ = {isa = PBXBuildFile; fileRef = 66B1CD372CEB776A007C738D /* RequestFactory.swift */; };
		66B1CD3A2CEB7772007C738D /* Request.swift in Sources */ = {isa = PBXBuildFile; fileRef = 66B1CD392CEB7772007C738D /* Request.swift */; };
		66B1CD3C2CEB77AC007C738D /* ErrorManager.swift in Sources */ = {isa = PBXBuildFile; fileRef = 66B1CD3B2CEB77AC007C738D /* ErrorManager.swift */; };
		66B1CD3E2CEB77B3007C738D /* APIError.swift in Sources */ = {isa = PBXBuildFile; fileRef = 66B1CD3D2CEB77B3007C738D /* APIError.swift */; };
		66B1CD402CEB77BA007C738D /* Environment.swift in Sources */ = {isa = PBXBuildFile; fileRef = 66B1CD3F2CEB77BA007C738D /* Environment.swift */; };
		66B1CD422CEB77D2007C738D /* JSONConverterDecoder.swift in Sources */ = {isa = PBXBuildFile; fileRef = 66B1CD412CEB77D2007C738D /* JSONConverterDecoder.swift */; };
		66B1CD472CEB7AEC007C738D /* FirebaseAuth in Frameworks */ = {isa = PBXBuildFile; productRef = 66B1CD462CEB7AEC007C738D /* FirebaseAuth */; };
		66B1CD492CEB7AEC007C738D /* FirebaseDatabase in Frameworks */ = {isa = PBXBuildFile; productRef = 66B1CD482CEB7AEC007C738D /* FirebaseDatabase */; };
		66B1CD4B2CEB7AEC007C738D /* FirebaseFirestore in Frameworks */ = {isa = PBXBuildFile; productRef = 66B1CD4A2CEB7AEC007C738D /* FirebaseFirestore */; };
		66B1CD4D2CEB7AEC007C738D /* FirebaseStorage in Frameworks */ = {isa = PBXBuildFile; productRef = 66B1CD4C2CEB7AEC007C738D /* FirebaseStorage */; };
		66B1CD4F2CEB7C41007C738D /* GoogleService-Info.plist in Resources */ = {isa = PBXBuildFile; fileRef = 66B1CD4E2CEB7C41007C738D /* GoogleService-Info.plist */; };
		66B1CD592CEF5398007C738D /* TestMVPConfiguration.swift in Sources */ = {isa = PBXBuildFile; fileRef = 66B1CD522CEF5398007C738D /* TestMVPConfiguration.swift */; };
		66B1CD5A2CEF5398007C738D /* TestMVPFactory.swift in Sources */ = {isa = PBXBuildFile; fileRef = 66B1CD532CEF5398007C738D /* TestMVPFactory.swift */; };
		66B1CD5B2CEF5398007C738D /* TestMVPPresenter.swift in Sources */ = {isa = PBXBuildFile; fileRef = 66B1CD542CEF5398007C738D /* TestMVPPresenter.swift */; };
		66B1CD5C2CEF5398007C738D /* TestMVPViewController.swift in Sources */ = {isa = PBXBuildFile; fileRef = 66B1CD552CEF5398007C738D /* TestMVPViewController.swift */; };
		66B1CD5D2CEF5398007C738D /* TestMVPView.swift in Sources */ = {isa = PBXBuildFile; fileRef = 66B1CD562CEF5398007C738D /* TestMVPView.swift */; };
		66B1CD5E2CEF5398007C738D /* TestMVPDataFlow.swift in Sources */ = {isa = PBXBuildFile; fileRef = 66B1CD572CEF5398007C738D /* TestMVPDataFlow.swift */; };
		66B1CD5F2CEF5398007C738D /* TestMVPProvider.swift in Sources */ = {isa = PBXBuildFile; fileRef = 66B1CD582CEF5398007C738D /* TestMVPProvider.swift */; };
		66B1CD622CEF53E2007C738D /* RouteComposer in Frameworks */ = {isa = PBXBuildFile; productRef = 66B1CD612CEF53E2007C738D /* RouteComposer */; };
		66B1CD662CEF53E2007C738D /* RouteComposerStatic in Frameworks */ = {isa = PBXBuildFile; productRef = 66B1CD652CEF53E2007C738D /* RouteComposerStatic */; };
		66D68A512CF1FCB600049EC1 /* JSONConverterEncoder.swift in Sources */ = {isa = PBXBuildFile; fileRef = 66D68A502CF1FCB600049EC1 /* JSONConverterEncoder.swift */; };
/* End PBXBuildFile section */

/* Begin PBXFileReference section */
		66B1CD132CEB7503007C738D /* NetworkLayerFirebase.app */ = {isa = PBXFileReference; explicitFileType = wrapper.application; includeInIndex = 0; path = NetworkLayerFirebase.app; sourceTree = BUILT_PRODUCTS_DIR; };
		66B1CD162CEB7503007C738D /* AppDelegate.swift */ = {isa = PBXFileReference; lastKnownFileType = sourcecode.swift; path = AppDelegate.swift; sourceTree = "<group>"; };
		66B1CD182CEB7503007C738D /* SceneDelegate.swift */ = {isa = PBXFileReference; lastKnownFileType = sourcecode.swift; path = SceneDelegate.swift; sourceTree = "<group>"; };
		66B1CD1F2CEB7504007C738D /* Assets.xcassets */ = {isa = PBXFileReference; lastKnownFileType = folder.assetcatalog; path = Assets.xcassets; sourceTree = "<group>"; };
		66B1CD222CEB7504007C738D /* Base */ = {isa = PBXFileReference; lastKnownFileType = file.storyboard; name = Base; path = Base.lproj/LaunchScreen.storyboard; sourceTree = "<group>"; };
		66B1CD242CEB7504007C738D /* Info.plist */ = {isa = PBXFileReference; lastKnownFileType = text.plist.xml; path = Info.plist; sourceTree = "<group>"; };
		66B1CD2B2CEB771A007C738D /* WebManager.swift */ = {isa = PBXFileReference; lastKnownFileType = sourcecode.swift; path = WebManager.swift; sourceTree = "<group>"; };
		66B1CD2D2CEB7723007C738D /* AuthManager.swift */ = {isa = PBXFileReference; lastKnownFileType = sourcecode.swift; path = AuthManager.swift; sourceTree = "<group>"; };
		66B1CD2F2CEB7730007C738D /* AuthRepository.swift */ = {isa = PBXFileReference; lastKnownFileType = sourcecode.swift; path = AuthRepository.swift; sourceTree = "<group>"; };
		66B1CD312CEB7736007C738D /* Service.swift */ = {isa = PBXFileReference; lastKnownFileType = sourcecode.swift; path = Service.swift; sourceTree = "<group>"; };
		66B1CD332CEB774F007C738D /* Model.swift */ = {isa = PBXFileReference; lastKnownFileType = sourcecode.swift; path = Model.swift; sourceTree = "<group>"; };
		66B1CD352CEB7759007C738D /* Method.swift */ = {isa = PBXFileReference; lastKnownFileType = sourcecode.swift; path = Method.swift; sourceTree = "<group>"; };
		66B1CD372CEB776A007C738D /* RequestFactory.swift */ = {isa = PBXFileReference; lastKnownFileType = sourcecode.swift; path = RequestFactory.swift; sourceTree = "<group>"; };
		66B1CD392CEB7772007C738D /* Request.swift */ = {isa = PBXFileReference; lastKnownFileType = sourcecode.swift; path = Request.swift; sourceTree = "<group>"; };
		66B1CD3B2CEB77AC007C738D /* ErrorManager.swift */ = {isa = PBXFileReference; lastKnownFileType = sourcecode.swift; path = ErrorManager.swift; sourceTree = "<group>"; };
		66B1CD3D2CEB77B3007C738D /* APIError.swift */ = {isa = PBXFileReference; lastKnownFileType = sourcecode.swift; path = APIError.swift; sourceTree = "<group>"; };
		66B1CD3F2CEB77BA007C738D /* Environment.swift */ = {isa = PBXFileReference; lastKnownFileType = sourcecode.swift; path = Environment.swift; sourceTree = "<group>"; };
		66B1CD412CEB77D2007C738D /* JSONConverterDecoder.swift */ = {isa = PBXFileReference; lastKnownFileType = sourcecode.swift; path = JSONConverterDecoder.swift; sourceTree = "<group>"; };
		66B1CD4E2CEB7C41007C738D /* GoogleService-Info.plist */ = {isa = PBXFileReference; fileEncoding = 4; lastKnownFileType = text.plist.xml; path = "GoogleService-Info.plist"; sourceTree = "<group>"; };
		66B1CD522CEF5398007C738D /* TestMVPConfiguration.swift */ = {isa = PBXFileReference; lastKnownFileType = sourcecode.swift; path = TestMVPConfiguration.swift; sourceTree = "<group>"; };
		66B1CD532CEF5398007C738D /* TestMVPFactory.swift */ = {isa = PBXFileReference; lastKnownFileType = sourcecode.swift; path = TestMVPFactory.swift; sourceTree = "<group>"; };
		66B1CD542CEF5398007C738D /* TestMVPPresenter.swift */ = {isa = PBXFileReference; lastKnownFileType = sourcecode.swift; path = TestMVPPresenter.swift; sourceTree = "<group>"; };
		66B1CD552CEF5398007C738D /* TestMVPViewController.swift */ = {isa = PBXFileReference; lastKnownFileType = sourcecode.swift; path = TestMVPViewController.swift; sourceTree = "<group>"; };
		66B1CD562CEF5398007C738D /* TestMVPView.swift */ = {isa = PBXFileReference; lastKnownFileType = sourcecode.swift; path = TestMVPView.swift; sourceTree = "<group>"; };
		66B1CD572CEF5398007C738D /* TestMVPDataFlow.swift */ = {isa = PBXFileReference; lastKnownFileType = sourcecode.swift; path = TestMVPDataFlow.swift; sourceTree = "<group>"; };
		66B1CD582CEF5398007C738D /* TestMVPProvider.swift */ = {isa = PBXFileReference; lastKnownFileType = sourcecode.swift; path = TestMVPProvider.swift; sourceTree = "<group>"; };
		66D68A502CF1FCB600049EC1 /* JSONConverterEncoder.swift */ = {isa = PBXFileReference; lastKnownFileType = sourcecode.swift; path = JSONConverterEncoder.swift; sourceTree = "<group>"; };
/* End PBXFileReference section */

/* Begin PBXFrameworksBuildPhase section */
		66B1CD102CEB7503007C738D /* Frameworks */ = {
			isa = PBXFrameworksBuildPhase;
			buildActionMask = 2147483647;
			files = (
				66B1CD492CEB7AEC007C738D /* FirebaseDatabase in Frameworks */,
				66B1CD4D2CEB7AEC007C738D /* FirebaseStorage in Frameworks */,
				66B1CD662CEF53E2007C738D /* RouteComposerStatic in Frameworks */,
				66B1CD622CEF53E2007C738D /* RouteComposer in Frameworks */,
				66B1CD472CEB7AEC007C738D /* FirebaseAuth in Frameworks */,
				66B1CD4B2CEB7AEC007C738D /* FirebaseFirestore in Frameworks */,
			);
			runOnlyForDeploymentPostprocessing = 0;
		};
/* End PBXFrameworksBuildPhase section */

/* Begin PBXGroup section */
		66B1CD0A2CEB7503007C738D = {
			isa = PBXGroup;
			children = (
				66B1CD152CEB7503007C738D /* NetworkLayerFirebase */,
				66B1CD142CEB7503007C738D /* Products */,
			);
			sourceTree = "<group>";
		};
		66B1CD142CEB7503007C738D /* Products */ = {
			isa = PBXGroup;
			children = (
				66B1CD132CEB7503007C738D /* NetworkLayerFirebase.app */,
			);
			name = Products;
			sourceTree = "<group>";
		};
		66B1CD152CEB7503007C738D /* NetworkLayerFirebase */ = {
			isa = PBXGroup;
			children = (
				66B1CD4E2CEB7C41007C738D /* GoogleService-Info.plist */,
				66B1CD162CEB7503007C738D /* AppDelegate.swift */,
				66B1CD182CEB7503007C738D /* SceneDelegate.swift */,
				66B1CD512CEF5379007C738D /* Test */,
				66B1CD2A2CEB76DC007C738D /* NetworkLayer */,
				66B1CD1F2CEB7504007C738D /* Assets.xcassets */,
				66B1CD212CEB7504007C738D /* LaunchScreen.storyboard */,
				66B1CD242CEB7504007C738D /* Info.plist */,
			);
			path = NetworkLayerFirebase;
			sourceTree = "<group>";
		};
		66B1CD2A2CEB76DC007C738D /* NetworkLayer */ = {
			isa = PBXGroup;
			children = (
				66B1CD2B2CEB771A007C738D /* WebManager.swift */,
				66B1CD2D2CEB7723007C738D /* AuthManager.swift */,
				66B1CD2F2CEB7730007C738D /* AuthRepository.swift */,
				66B1CD312CEB7736007C738D /* Service.swift */,
				66B1CD332CEB774F007C738D /* Model.swift */,
				66B1CD392CEB7772007C738D /* Request.swift */,
				66B1CD352CEB7759007C738D /* Method.swift */,
				66B1CD372CEB776A007C738D /* RequestFactory.swift */,
				66B1CD3B2CEB77AC007C738D /* ErrorManager.swift */,
				66B1CD3D2CEB77B3007C738D /* APIError.swift */,
				66B1CD3F2CEB77BA007C738D /* Environment.swift */,
				66D68A4F2CF1FC9700049EC1 /* JSONConverter */,
			);
			path = NetworkLayer;
			sourceTree = "<group>";
		};
		66B1CD512CEF5379007C738D /* Test */ = {
			isa = PBXGroup;
			children = (
				66B1CD522CEF5398007C738D /* TestMVPConfiguration.swift */,
				66B1CD532CEF5398007C738D /* TestMVPFactory.swift */,
				66B1CD542CEF5398007C738D /* TestMVPPresenter.swift */,
				66B1CD552CEF5398007C738D /* TestMVPViewController.swift */,
				66B1CD562CEF5398007C738D /* TestMVPView.swift */,
				66B1CD572CEF5398007C738D /* TestMVPDataFlow.swift */,
				66B1CD582CEF5398007C738D /* TestMVPProvider.swift */,
			);
			path = Test;
			sourceTree = "<group>";
		};
		66D68A4F2CF1FC9700049EC1 /* JSONConverter */ = {
			isa = PBXGroup;
			children = (
				66B1CD412CEB77D2007C738D /* JSONConverterDecoder.swift */,
				66D68A502CF1FCB600049EC1 /* JSONConverterEncoder.swift */,
			);
			path = JSONConverter;
			sourceTree = "<group>";
		};
/* End PBXGroup section */

/* Begin PBXNativeTarget section */
		66B1CD122CEB7503007C738D /* NetworkLayerFirebase */ = {
			isa = PBXNativeTarget;
			buildConfigurationList = 66B1CD272CEB7504007C738D /* Build configuration list for PBXNativeTarget "NetworkLayerFirebase" */;
			buildPhases = (
				66B1CD0F2CEB7503007C738D /* Sources */,
				66B1CD102CEB7503007C738D /* Frameworks */,
				66B1CD112CEB7503007C738D /* Resources */,
			);
			buildRules = (
			);
			dependencies = (
			);
			name = NetworkLayerFirebase;
			packageProductDependencies = (
				66B1CD462CEB7AEC007C738D /* FirebaseAuth */,
				66B1CD482CEB7AEC007C738D /* FirebaseDatabase */,
				66B1CD4A2CEB7AEC007C738D /* FirebaseFirestore */,
				66B1CD4C2CEB7AEC007C738D /* FirebaseStorage */,
				66B1CD612CEF53E2007C738D /* RouteComposer */,
				66B1CD652CEF53E2007C738D /* RouteComposerStatic */,
			);
			productName = NetworkLayerFirebase;
			productReference = 66B1CD132CEB7503007C738D /* NetworkLayerFirebase.app */;
			productType = "com.apple.product-type.application";
		};
/* End PBXNativeTarget section */

/* Begin PBXProject section */
		66B1CD0B2CEB7503007C738D /* Project object */ = {
			isa = PBXProject;
			attributes = {
				BuildIndependentTargetsInParallel = 1;
				LastSwiftUpdateCheck = 1540;
				LastUpgradeCheck = 1540;
				TargetAttributes = {
					66B1CD122CEB7503007C738D = {
						CreatedOnToolsVersion = 15.4;
					};
				};
			};
			buildConfigurationList = 66B1CD0E2CEB7503007C738D /* Build configuration list for PBXProject "NetworkLayerFirebase" */;
			compatibilityVersion = "Xcode 14.0";
			developmentRegion = en;
			hasScannedForEncodings = 0;
			knownRegions = (
				en,
				Base,
			);
			mainGroup = 66B1CD0A2CEB7503007C738D;
			packageReferences = (
				66B1CD452CEB7AEC007C738D /* XCRemoteSwiftPackageReference "firebase-ios-sdk" */,
				66B1CD602CEF53E2007C738D /* XCRemoteSwiftPackageReference "route-composer" */,
			);
			productRefGroup = 66B1CD142CEB7503007C738D /* Products */;
			projectDirPath = "";
			projectRoot = "";
			targets = (
				66B1CD122CEB7503007C738D /* NetworkLayerFirebase */,
			);
		};
/* End PBXProject section */

/* Begin PBXResourcesBuildPhase section */
		66B1CD112CEB7503007C738D /* Resources */ = {
			isa = PBXResourcesBuildPhase;
			buildActionMask = 2147483647;
			files = (
				66B1CD202CEB7504007C738D /* Assets.xcassets in Resources */,
				66B1CD232CEB7504007C738D /* Base in Resources */,
				66B1CD4F2CEB7C41007C738D /* GoogleService-Info.plist in Resources */,
			);
			runOnlyForDeploymentPostprocessing = 0;
		};
/* End PBXResourcesBuildPhase section */

/* Begin PBXSourcesBuildPhase section */
		66B1CD0F2CEB7503007C738D /* Sources */ = {
			isa = PBXSourcesBuildPhase;
			buildActionMask = 2147483647;
			files = (
				66B1CD2C2CEB771A007C738D /* WebManager.swift in Sources */,
				66B1CD322CEB7736007C738D /* Service.swift in Sources */,
				66B1CD402CEB77BA007C738D /* Environment.swift in Sources */,
				66B1CD172CEB7503007C738D /* AppDelegate.swift in Sources */,
				66B1CD3A2CEB7772007C738D /* Request.swift in Sources */,
				66B1CD302CEB7730007C738D /* AuthRepository.swift in Sources */,
				66B1CD3C2CEB77AC007C738D /* ErrorManager.swift in Sources */,
				66B1CD2E2CEB7723007C738D /* AuthManager.swift in Sources */,
				66B1CD382CEB776A007C738D /* RequestFactory.swift in Sources */,
				66B1CD192CEB7503007C738D /* SceneDelegate.swift in Sources */,
				66B1CD592CEF5398007C738D /* TestMVPConfiguration.swift in Sources */,
				66B1CD5A2CEF5398007C738D /* TestMVPFactory.swift in Sources */,
				66B1CD5B2CEF5398007C738D /* TestMVPPresenter.swift in Sources */,
				66B1CD5C2CEF5398007C738D /* TestMVPViewController.swift in Sources */,
				66B1CD5D2CEF5398007C738D /* TestMVPView.swift in Sources */,
				66B1CD5E2CEF5398007C738D /* TestMVPDataFlow.swift in Sources */,
				66B1CD5F2CEF5398007C738D /* TestMVPProvider.swift in Sources */,
				66B1CD342CEB774F007C738D /* Model.swift in Sources */,
				66B1CD362CEB7759007C738D /* Method.swift in Sources */,
				66B1CD3E2CEB77B3007C738D /* APIError.swift in Sources */,
				66B1CD422CEB77D2007C738D /* JSONConverterDecoder.swift in Sources */,
				66D68A512CF1FCB600049EC1 /* JSONConverterEncoder.swift in Sources */,
			);
			runOnlyForDeploymentPostprocessing = 0;
		};
/* End PBXSourcesBuildPhase section */

/* Begin PBXVariantGroup section */
		66B1CD212CEB7504007C738D /* LaunchScreen.storyboard */ = {
			isa = PBXVariantGroup;
			children = (
				66B1CD222CEB7504007C738D /* Base */,
			);
			name = LaunchScreen.storyboard;
			sourceTree = "<group>";
		};
/* End PBXVariantGroup section */

/* Begin XCBuildConfiguration section */
		66B1CD252CEB7504007C738D /* Debug */ = {
			isa = XCBuildConfiguration;
			buildSettings = {
				ALWAYS_SEARCH_USER_PATHS = NO;
				ASSETCATALOG_COMPILER_GENERATE_SWIFT_ASSET_SYMBOL_EXTENSIONS = YES;
				CLANG_ANALYZER_NONNULL = YES;
				CLANG_ANALYZER_NUMBER_OBJECT_CONVERSION = YES_AGGRESSIVE;
				CLANG_CXX_LANGUAGE_STANDARD = "gnu++20";
				CLANG_ENABLE_MODULES = YES;
				CLANG_ENABLE_OBJC_ARC = YES;
				CLANG_ENABLE_OBJC_WEAK = YES;
				CLANG_WARN_BLOCK_CAPTURE_AUTORELEASING = YES;
				CLANG_WARN_BOOL_CONVERSION = YES;
				CLANG_WARN_COMMA = YES;
				CLANG_WARN_CONSTANT_CONVERSION = YES;
				CLANG_WARN_DEPRECATED_OBJC_IMPLEMENTATIONS = YES;
				CLANG_WARN_DIRECT_OBJC_ISA_USAGE = YES_ERROR;
				CLANG_WARN_DOCUMENTATION_COMMENTS = YES;
				CLANG_WARN_EMPTY_BODY = YES;
				CLANG_WARN_ENUM_CONVERSION = YES;
				CLANG_WARN_INFINITE_RECURSION = YES;
				CLANG_WARN_INT_CONVERSION = YES;
				CLANG_WARN_NON_LITERAL_NULL_CONVERSION = YES;
				CLANG_WARN_OBJC_IMPLICIT_RETAIN_SELF = YES;
				CLANG_WARN_OBJC_LITERAL_CONVERSION = YES;
				CLANG_WARN_OBJC_ROOT_CLASS = YES_ERROR;
				CLANG_WARN_QUOTED_INCLUDE_IN_FRAMEWORK_HEADER = YES;
				CLANG_WARN_RANGE_LOOP_ANALYSIS = YES;
				CLANG_WARN_STRICT_PROTOTYPES = YES;
				CLANG_WARN_SUSPICIOUS_MOVE = YES;
				CLANG_WARN_UNGUARDED_AVAILABILITY = YES_AGGRESSIVE;
				CLANG_WARN_UNREACHABLE_CODE = YES;
				CLANG_WARN__DUPLICATE_METHOD_MATCH = YES;
				COPY_PHASE_STRIP = NO;
				DEBUG_INFORMATION_FORMAT = dwarf;
				ENABLE_STRICT_OBJC_MSGSEND = YES;
				ENABLE_TESTABILITY = YES;
				ENABLE_USER_SCRIPT_SANDBOXING = YES;
				GCC_C_LANGUAGE_STANDARD = gnu17;
				GCC_DYNAMIC_NO_PIC = NO;
				GCC_NO_COMMON_BLOCKS = YES;
				GCC_OPTIMIZATION_LEVEL = 0;
				GCC_PREPROCESSOR_DEFINITIONS = (
					"DEBUG=1",
					"$(inherited)",
				);
				GCC_WARN_64_TO_32_BIT_CONVERSION = YES;
				GCC_WARN_ABOUT_RETURN_TYPE = YES_ERROR;
				GCC_WARN_UNDECLARED_SELECTOR = YES;
				GCC_WARN_UNINITIALIZED_AUTOS = YES_AGGRESSIVE;
				GCC_WARN_UNUSED_FUNCTION = YES;
				GCC_WARN_UNUSED_VARIABLE = YES;
				IPHONEOS_DEPLOYMENT_TARGET = 17.5;
				LOCALIZATION_PREFERS_STRING_CATALOGS = YES;
				MTL_ENABLE_DEBUG_INFO = INCLUDE_SOURCE;
				MTL_FAST_MATH = YES;
				ONLY_ACTIVE_ARCH = YES;
				SDKROOT = iphoneos;
				SWIFT_ACTIVE_COMPILATION_CONDITIONS = "DEBUG $(inherited)";
				SWIFT_OPTIMIZATION_LEVEL = "-Onone";
			};
			name = Debug;
		};
		66B1CD262CEB7504007C738D /* Release */ = {
			isa = XCBuildConfiguration;
			buildSettings = {
				ALWAYS_SEARCH_USER_PATHS = NO;
				ASSETCATALOG_COMPILER_GENERATE_SWIFT_ASSET_SYMBOL_EXTENSIONS = YES;
				CLANG_ANALYZER_NONNULL = YES;
				CLANG_ANALYZER_NUMBER_OBJECT_CONVERSION = YES_AGGRESSIVE;
				CLANG_CXX_LANGUAGE_STANDARD = "gnu++20";
				CLANG_ENABLE_MODULES = YES;
				CLANG_ENABLE_OBJC_ARC = YES;
				CLANG_ENABLE_OBJC_WEAK = YES;
				CLANG_WARN_BLOCK_CAPTURE_AUTORELEASING = YES;
				CLANG_WARN_BOOL_CONVERSION = YES;
				CLANG_WARN_COMMA = YES;
				CLANG_WARN_CONSTANT_CONVERSION = YES;
				CLANG_WARN_DEPRECATED_OBJC_IMPLEMENTATIONS = YES;
				CLANG_WARN_DIRECT_OBJC_ISA_USAGE = YES_ERROR;
				CLANG_WARN_DOCUMENTATION_COMMENTS = YES;
				CLANG_WARN_EMPTY_BODY = YES;
				CLANG_WARN_ENUM_CONVERSION = YES;
				CLANG_WARN_INFINITE_RECURSION = YES;
				CLANG_WARN_INT_CONVERSION = YES;
				CLANG_WARN_NON_LITERAL_NULL_CONVERSION = YES;
				CLANG_WARN_OBJC_IMPLICIT_RETAIN_SELF = YES;
				CLANG_WARN_OBJC_LITERAL_CONVERSION = YES;
				CLANG_WARN_OBJC_ROOT_CLASS = YES_ERROR;
				CLANG_WARN_QUOTED_INCLUDE_IN_FRAMEWORK_HEADER = YES;
				CLANG_WARN_RANGE_LOOP_ANALYSIS = YES;
				CLANG_WARN_STRICT_PROTOTYPES = YES;
				CLANG_WARN_SUSPICIOUS_MOVE = YES;
				CLANG_WARN_UNGUARDED_AVAILABILITY = YES_AGGRESSIVE;
				CLANG_WARN_UNREACHABLE_CODE = YES;
				CLANG_WARN__DUPLICATE_METHOD_MATCH = YES;
				COPY_PHASE_STRIP = NO;
				DEBUG_INFORMATION_FORMAT = "dwarf-with-dsym";
				ENABLE_NS_ASSERTIONS = NO;
				ENABLE_STRICT_OBJC_MSGSEND = YES;
				ENABLE_USER_SCRIPT_SANDBOXING = YES;
				GCC_C_LANGUAGE_STANDARD = gnu17;
				GCC_NO_COMMON_BLOCKS = YES;
				GCC_WARN_64_TO_32_BIT_CONVERSION = YES;
				GCC_WARN_ABOUT_RETURN_TYPE = YES_ERROR;
				GCC_WARN_UNDECLARED_SELECTOR = YES;
				GCC_WARN_UNINITIALIZED_AUTOS = YES_AGGRESSIVE;
				GCC_WARN_UNUSED_FUNCTION = YES;
				GCC_WARN_UNUSED_VARIABLE = YES;
				IPHONEOS_DEPLOYMENT_TARGET = 17.5;
				LOCALIZATION_PREFERS_STRING_CATALOGS = YES;
				MTL_ENABLE_DEBUG_INFO = NO;
				MTL_FAST_MATH = YES;
				SDKROOT = iphoneos;
				SWIFT_COMPILATION_MODE = wholemodule;
				VALIDATE_PRODUCT = YES;
			};
			name = Release;
		};
		66B1CD282CEB7504007C738D /* Debug */ = {
			isa = XCBuildConfiguration;
			buildSettings = {
				ASSETCATALOG_COMPILER_APPICON_NAME = AppIcon;
				ASSETCATALOG_COMPILER_GLOBAL_ACCENT_COLOR_NAME = AccentColor;
				CODE_SIGN_STYLE = Automatic;
				CURRENT_PROJECT_VERSION = 1;
				GENERATE_INFOPLIST_FILE = YES;
				INFOPLIST_FILE = NetworkLayerFirebase/Info.plist;
				INFOPLIST_KEY_UIApplicationSupportsIndirectInputEvents = YES;
				INFOPLIST_KEY_UILaunchStoryboardName = LaunchScreen;
				INFOPLIST_KEY_UISupportedInterfaceOrientations_iPad = "UIInterfaceOrientationPortrait UIInterfaceOrientationPortraitUpsideDown UIInterfaceOrientationLandscapeLeft UIInterfaceOrientationLandscapeRight";
				INFOPLIST_KEY_UISupportedInterfaceOrientations_iPhone = "UIInterfaceOrientationPortrait UIInterfaceOrientationLandscapeLeft UIInterfaceOrientationLandscapeRight";
				LD_RUNPATH_SEARCH_PATHS = (
					"$(inherited)",
					"@executable_path/Frameworks",
				);
				MARKETING_VERSION = 1.0;
				PRODUCT_BUNDLE_IDENTIFIER = "gvladislav-52.NetworkLayerFirebase";
				PRODUCT_NAME = "$(TARGET_NAME)";
				SWIFT_EMIT_LOC_STRINGS = YES;
				SWIFT_VERSION = 5.0;
				TARGETED_DEVICE_FAMILY = "1,2";
			};
			name = Debug;
		};
		66B1CD292CEB7504007C738D /* Release */ = {
			isa = XCBuildConfiguration;
			buildSettings = {
				ASSETCATALOG_COMPILER_APPICON_NAME = AppIcon;
				ASSETCATALOG_COMPILER_GLOBAL_ACCENT_COLOR_NAME = AccentColor;
				CODE_SIGN_STYLE = Automatic;
				CURRENT_PROJECT_VERSION = 1;
				GENERATE_INFOPLIST_FILE = YES;
				INFOPLIST_FILE = NetworkLayerFirebase/Info.plist;
				INFOPLIST_KEY_UIApplicationSupportsIndirectInputEvents = YES;
				INFOPLIST_KEY_UILaunchStoryboardName = LaunchScreen;
				INFOPLIST_KEY_UISupportedInterfaceOrientations_iPad = "UIInterfaceOrientationPortrait UIInterfaceOrientationPortraitUpsideDown UIInterfaceOrientationLandscapeLeft UIInterfaceOrientationLandscapeRight";
				INFOPLIST_KEY_UISupportedInterfaceOrientations_iPhone = "UIInterfaceOrientationPortrait UIInterfaceOrientationLandscapeLeft UIInterfaceOrientationLandscapeRight";
				LD_RUNPATH_SEARCH_PATHS = (
					"$(inherited)",
					"@executable_path/Frameworks",
				);
				MARKETING_VERSION = 1.0;
				PRODUCT_BUNDLE_IDENTIFIER = "gvladislav-52.NetworkLayerFirebase";
				PRODUCT_NAME = "$(TARGET_NAME)";
				SWIFT_EMIT_LOC_STRINGS = YES;
				SWIFT_VERSION = 5.0;
				TARGETED_DEVICE_FAMILY = "1,2";
			};
			name = Release;
		};
/* End XCBuildConfiguration section */

/* Begin XCConfigurationList section */
		66B1CD0E2CEB7503007C738D /* Build configuration list for PBXProject "NetworkLayerFirebase" */ = {
			isa = XCConfigurationList;
			buildConfigurations = (
				66B1CD252CEB7504007C738D /* Debug */,
				66B1CD262CEB7504007C738D /* Release */,
			);
			defaultConfigurationIsVisible = 0;
			defaultConfigurationName = Release;
		};
		66B1CD272CEB7504007C738D /* Build configuration list for PBXNativeTarget "NetworkLayerFirebase" */ = {
			isa = XCConfigurationList;
			buildConfigurations = (
				66B1CD282CEB7504007C738D /* Debug */,
				66B1CD292CEB7504007C738D /* Release */,
			);
			defaultConfigurationIsVisible = 0;
			defaultConfigurationName = Release;
		};
/* End XCConfigurationList section */

/* Begin XCRemoteSwiftPackageReference section */
		66B1CD452CEB7AEC007C738D /* XCRemoteSwiftPackageReference "firebase-ios-sdk" */ = {
			isa = XCRemoteSwiftPackageReference;
			repositoryURL = "https://github.com/firebase/firebase-ios-sdk";
			requirement = {
				kind = upToNextMajorVersion;
				minimumVersion = 11.5.0;
			};
		};
		66B1CD602CEF53E2007C738D /* XCRemoteSwiftPackageReference "route-composer" */ = {
			isa = XCRemoteSwiftPackageReference;
			repositoryURL = "https://github.com/ekazaev/route-composer.git";
			requirement = {
				kind = upToNextMajorVersion;
				minimumVersion = 2.10.5;
			};
		};
/* End XCRemoteSwiftPackageReference section */

/* Begin XCSwiftPackageProductDependency section */
		66B1CD462CEB7AEC007C738D /* FirebaseAuth */ = {
			isa = XCSwiftPackageProductDependency;
			package = 66B1CD452CEB7AEC007C738D /* XCRemoteSwiftPackageReference "firebase-ios-sdk" */;
			productName = FirebaseAuth;
		};
		66B1CD482CEB7AEC007C738D /* FirebaseDatabase */ = {
			isa = XCSwiftPackageProductDependency;
			package = 66B1CD452CEB7AEC007C738D /* XCRemoteSwiftPackageReference "firebase-ios-sdk" */;
			productName = FirebaseDatabase;
		};
		66B1CD4A2CEB7AEC007C738D /* FirebaseFirestore */ = {
			isa = XCSwiftPackageProductDependency;
			package = 66B1CD452CEB7AEC007C738D /* XCRemoteSwiftPackageReference "firebase-ios-sdk" */;
			productName = FirebaseFirestore;
		};
		66B1CD4C2CEB7AEC007C738D /* FirebaseStorage */ = {
			isa = XCSwiftPackageProductDependency;
			package = 66B1CD452CEB7AEC007C738D /* XCRemoteSwiftPackageReference "firebase-ios-sdk" */;
			productName = FirebaseStorage;
		};
		66B1CD612CEF53E2007C738D /* RouteComposer */ = {
			isa = XCSwiftPackageProductDependency;
			package = 66B1CD602CEF53E2007C738D /* XCRemoteSwiftPackageReference "route-composer" */;
			productName = RouteComposer;
		};
		66B1CD652CEF53E2007C738D /* RouteComposerStatic */ = {
			isa = XCSwiftPackageProductDependency;
			package = 66B1CD602CEF53E2007C738D /* XCRemoteSwiftPackageReference "route-composer" */;
			productName = RouteComposerStatic;
		};
/* End XCSwiftPackageProductDependency section */
	};
	rootObject = 66B1CD0B2CEB7503007C738D /* Project object */;
}
